
Microsoft Visual Studio Solution File, Format Version 12.00
# Visual Studio Version 16
VisualStudioVersion = 16.0.30717.126
MinimumVisualStudioVersion = 10.0.40219.1
Project("{9A19103F-16F7-4668-BE54-9A1E7A4F7556}") = "Domain", "Domain\Domain.csproj", "{08A53BCB-DF8A-4D33-A467-CA8E9AFA8553}"
EndProject
Project("{FAE04EC0-301F-11D3-BF4B-00C04F79EFBC}") = "Application", "Application\Application.csproj", "{32E01655-1393-4B1D-BF4B-EC78C5FB0B05}"
EndProject
Project("{FAE04EC0-301F-11D3-BF4B-00C04F79EFBC}") = "Infrastructure", "Infrastructure\Infrastructure.csproj", "{A45F2FA6-19A5-40CE-ABB3-CE5719B137B5}"
EndProject
Project("{FAE04EC0-301F-11D3-BF4B-00C04F79EFBC}") = "Service", "Service\Service.csproj", "{C9A068C7-C1B0-472C-8264-3E9F8CF207FD}"
EndProject
Global
	GlobalSection(SolutionConfigurationPlatforms) = preSolution
		Debug|Any CPU = Debug|Any CPU
		Release|Any CPU = Release|Any CPU
	EndGlobalSection
	GlobalSection(ProjectConfigurationPlatforms) = postSolution
		{08A53BCB-DF8A-4D33-A467-CA8E9AFA8553}.Debug|Any CPU.ActiveCfg = Debug|Any CPU
		{08A53BCB-DF8A-4D33-A467-CA8E9AFA8553}.Debug|Any CPU.Build.0 = Debug|Any CPU
		{08A53BCB-DF8A-4D33-A467-CA8E9AFA8553}.Release|Any CPU.ActiveCfg = Release|Any CPU
		{08A53BCB-DF8A-4D33-A467-CA8E9AFA8553}.Release|Any CPU.Build.0 = Release|Any CPU
		{32E01655-1393-4B1D-BF4B-EC78C5FB0B05}.Debug|Any CPU.ActiveCfg = Debug|Any CPU
		{32E01655-1393-4B1D-BF4B-EC78C5FB0B05}.Debug|Any CPU.Build.0 = Debug|Any CPU
		{32E01655-1393-4B1D-BF4B-EC78C5FB0B05}.Release|Any CPU.ActiveCfg = Release|Any CPU
		{32E01655-1393-4B1D-BF4B-EC78C5FB0B05}.Release|Any CPU.Build.0 = Release|Any CPU
		{A45F2FA6-19A5-40CE-ABB3-CE5719B137B5}.Debug|Any CPU.ActiveCfg = Debug|Any CPU
		{A45F2FA6-19A5-40CE-ABB3-CE5719B137B5}.Debug|Any CPU.Build.0 = Debug|Any CPU
		{A45F2FA6-19A5-40CE-ABB3-CE5719B137B5}.Release|Any CPU.ActiveCfg = Release|Any CPU
		{A45F2FA6-19A5-40CE-ABB3-CE5719B137B5}.Release|Any CPU.Build.0 = Release|Any CPU
		{C9A068C7-C1B0-472C-8264-3E9F8CF207FD}.Debug|Any CPU.ActiveCfg = Debug|Any CPU
		{C9A068C7-C1B0-472C-8264-3E9F8CF207FD}.Debug|Any CPU.Build.0 = Debug|Any CPU
		{C9A068C7-C1B0-472C-8264-3E9F8CF207FD}.Release|Any CPU.ActiveCfg = Release|Any CPU
		{C9A068C7-C1B0-472C-8264-3E9F8CF207FD}.Release|Any CPU.Build.0 = Release|Any CPU
	EndGlobalSection
	GlobalSection(SolutionProperties) = preSolution
		HideSolutionNode = FALSE
	EndGlobalSection
	GlobalSection(ExtensibilityGlobals) = postSolution
		SolutionGuid = {A3D65F15-FC86-4653-ACE0-ECA3D95F4C39}
	EndGlobalSection
EndGlobal
